// !$*UTF8*$!
{
	archiveVersion = 1;
	classes = {
	};
	objectVersion = 55;
	objects = {

/* Begin PBXBuildFile section */
		4336C23329AE2B1E005AD824 /* GoogleService-Info.plist in Resources */ = {isa = PBXBuildFile; fileRef = 4336C23229AE2B1E005AD824 /* GoogleService-Info.plist */; };
		4336C23729AE34C2005AD824 /* Constants.swift in Sources */ = {isa = PBXBuildFile; fileRef = 4336C23629AE34C1005AD824 /* Constants.swift */; };
		4336C23929AE35D8005AD824 /* HomeView.swift in Sources */ = {isa = PBXBuildFile; fileRef = 4336C23829AE35D8005AD824 /* HomeView.swift */; };
		4336C23B29AE35E6005AD824 /* EventView.swift in Sources */ = {isa = PBXBuildFile; fileRef = 4336C23A29AE35E6005AD824 /* EventView.swift */; };
		4336C23D29AE35F3005AD824 /* ResultsView.swift in Sources */ = {isa = PBXBuildFile; fileRef = 4336C23C29AE35F3005AD824 /* ResultsView.swift */; };
		4336C23F29AE35FC005AD824 /* SettingsView.swift in Sources */ = {isa = PBXBuildFile; fileRef = 4336C23E29AE35FC005AD824 /* SettingsView.swift */; };
		4336C24129AE3658005AD824 /* Event.swift in Sources */ = {isa = PBXBuildFile; fileRef = 4336C24029AE3658005AD824 /* Event.swift */; };
		4336C24329AE3811005AD824 /* Result.swift in Sources */ = {isa = PBXBuildFile; fileRef = 4336C24229AE3811005AD824 /* Result.swift */; };
		433D225229AF966E00A32DF8 /* AuthenticationView.swift in Sources */ = {isa = PBXBuildFile; fileRef = 433D225129AF966E00A32DF8 /* AuthenticationView.swift */; };
		433D225429AF967800A32DF8 /* LoginView.swift in Sources */ = {isa = PBXBuildFile; fileRef = 433D225329AF967800A32DF8 /* LoginView.swift */; };
		433D225629AF968200A32DF8 /* SignUpView.swift in Sources */ = {isa = PBXBuildFile; fileRef = 433D225529AF968200A32DF8 /* SignUpView.swift */; };
		433D225829AF975800A32DF8 /* UserInfo.swift in Sources */ = {isa = PBXBuildFile; fileRef = 433D225729AF975800A32DF8 /* UserInfo.swift */; };
		4384DA9729AFA92C00956A63 /* FetchData.swift in Sources */ = {isa = PBXBuildFile; fileRef = 4384DA9629AFA92C00956A63 /* FetchData.swift */; };
		438DCA7129B257EC0071E850 /* SplashScreenView.swift in Sources */ = {isa = PBXBuildFile; fileRef = 438DCA7029B257EC0071E850 /* SplashScreenView.swift */; };
		4397C8FB29B77D9F001DC50F /* SetData.swift in Sources */ = {isa = PBXBuildFile; fileRef = 4397C8FA29B77D9F001DC50F /* SetData.swift */; };
		43AFDB8029B8DD890060D967 /* ResultBox.swift in Sources */ = {isa = PBXBuildFile; fileRef = 43AFDB7F29B8DD890060D967 /* ResultBox.swift */; };
		43B5B4FB29A90969007EA1D8 /* EventLMApp.swift in Sources */ = {isa = PBXBuildFile; fileRef = 43B5B4FA29A90969007EA1D8 /* EventLMApp.swift */; };
		43B5B4FD29A90969007EA1D8 /* ContentView.swift in Sources */ = {isa = PBXBuildFile; fileRef = 43B5B4FC29A90969007EA1D8 /* ContentView.swift */; };
		43B5B4FF29A9096B007EA1D8 /* Assets.xcassets in Resources */ = {isa = PBXBuildFile; fileRef = 43B5B4FE29A9096B007EA1D8 /* Assets.xcassets */; };
		43B5B50229A9096B007EA1D8 /* Preview Assets.xcassets in Resources */ = {isa = PBXBuildFile; fileRef = 43B5B50129A9096B007EA1D8 /* Preview Assets.xcassets */; };
		43B5B50C29A9096B007EA1D8 /* EventLMTests.swift in Sources */ = {isa = PBXBuildFile; fileRef = 43B5B50B29A9096B007EA1D8 /* EventLMTests.swift */; };
		43B5B51629A9096B007EA1D8 /* EventLMUITests.swift in Sources */ = {isa = PBXBuildFile; fileRef = 43B5B51529A9096B007EA1D8 /* EventLMUITests.swift */; };
		43B5B51829A9096B007EA1D8 /* EventLMUITestsLaunchTests.swift in Sources */ = {isa = PBXBuildFile; fileRef = 43B5B51729A9096B007EA1D8 /* EventLMUITestsLaunchTests.swift */; };
		43FE738229B0F12500581ADF /* InputView.swift in Sources */ = {isa = PBXBuildFile; fileRef = 43FE738129B0F12500581ADF /* InputView.swift */; };
		8A50FEFD04C291A6DF85F154 /* Pods_EventLM.framework in Frameworks */ = {isa = PBXBuildFile; fileRef = F669F33CB501E076495BA897 /* Pods_EventLM.framework */; };
/* End PBXBuildFile section */

/* Begin PBXContainerItemProxy section */
		43B5B50829A9096B007EA1D8 /* PBXContainerItemProxy */ = {
			isa = PBXContainerItemProxy;
			containerPortal = 43B5B4EF29A90969007EA1D8 /* Project object */;
			proxyType = 1;
			remoteGlobalIDString = 43B5B4F629A90969007EA1D8;
			remoteInfo = EventLM;
		};
		43B5B51229A9096B007EA1D8 /* PBXContainerItemProxy */ = {
			isa = PBXContainerItemProxy;
			containerPortal = 43B5B4EF29A90969007EA1D8 /* Project object */;
			proxyType = 1;
			remoteGlobalIDString = 43B5B4F629A90969007EA1D8;
			remoteInfo = EventLM;
		};
/* End PBXContainerItemProxy section */

/* Begin PBXFileReference section */
		085BBFBA16E802CC9C72BD7B /* Pods-EventLM.debug.xcconfig */ = {isa = PBXFileReference; includeInIndex = 1; lastKnownFileType = text.xcconfig; name = "Pods-EventLM.debug.xcconfig"; path = "Target Support Files/Pods-EventLM/Pods-EventLM.debug.xcconfig"; sourceTree = "<group>"; };
		4336C23229AE2B1E005AD824 /* GoogleService-Info.plist */ = {isa = PBXFileReference; fileEncoding = 4; lastKnownFileType = text.plist.xml; path = "GoogleService-Info.plist"; sourceTree = "<group>"; };
		4336C23629AE34C1005AD824 /* Constants.swift */ = {isa = PBXFileReference; lastKnownFileType = sourcecode.swift; path = Constants.swift; sourceTree = "<group>"; };
		4336C23829AE35D8005AD824 /* HomeView.swift */ = {isa = PBXFileReference; lastKnownFileType = sourcecode.swift; path = HomeView.swift; sourceTree = "<group>"; };
		4336C23A29AE35E6005AD824 /* EventView.swift */ = {isa = PBXFileReference; lastKnownFileType = sourcecode.swift; path = EventView.swift; sourceTree = "<group>"; };
		4336C23C29AE35F3005AD824 /* ResultsView.swift */ = {isa = PBXFileReference; lastKnownFileType = sourcecode.swift; path = ResultsView.swift; sourceTree = "<group>"; };
		4336C23E29AE35FC005AD824 /* SettingsView.swift */ = {isa = PBXFileReference; lastKnownFileType = sourcecode.swift; path = SettingsView.swift; sourceTree = "<group>"; };
		4336C24029AE3658005AD824 /* Event.swift */ = {isa = PBXFileReference; lastKnownFileType = sourcecode.swift; path = Event.swift; sourceTree = "<group>"; };
		4336C24229AE3811005AD824 /* Result.swift */ = {isa = PBXFileReference; lastKnownFileType = sourcecode.swift; path = Result.swift; sourceTree = "<group>"; };
		433D225129AF966E00A32DF8 /* AuthenticationView.swift */ = {isa = PBXFileReference; lastKnownFileType = sourcecode.swift; path = AuthenticationView.swift; sourceTree = "<group>"; };
		433D225329AF967800A32DF8 /* LoginView.swift */ = {isa = PBXFileReference; lastKnownFileType = sourcecode.swift; path = LoginView.swift; sourceTree = "<group>"; };
		433D225529AF968200A32DF8 /* SignUpView.swift */ = {isa = PBXFileReference; lastKnownFileType = sourcecode.swift; path = SignUpView.swift; sourceTree = "<group>"; };
		433D225729AF975800A32DF8 /* UserInfo.swift */ = {isa = PBXFileReference; lastKnownFileType = sourcecode.swift; path = UserInfo.swift; sourceTree = "<group>"; };
		4384DA9629AFA92C00956A63 /* FetchData.swift */ = {isa = PBXFileReference; lastKnownFileType = sourcecode.swift; path = FetchData.swift; sourceTree = "<group>"; };
		438DCA7029B257EC0071E850 /* SplashScreenView.swift */ = {isa = PBXFileReference; lastKnownFileType = sourcecode.swift; path = SplashScreenView.swift; sourceTree = "<group>"; };
		4397C8FA29B77D9F001DC50F /* SetData.swift */ = {isa = PBXFileReference; lastKnownFileType = sourcecode.swift; path = SetData.swift; sourceTree = "<group>"; };
		43AFDB7F29B8DD890060D967 /* ResultBox.swift */ = {isa = PBXFileReference; lastKnownFileType = sourcecode.swift; path = ResultBox.swift; sourceTree = "<group>"; };
		43B5B4F729A90969007EA1D8 /* EventLM.app */ = {isa = PBXFileReference; explicitFileType = wrapper.application; includeInIndex = 0; path = EventLM.app; sourceTree = BUILT_PRODUCTS_DIR; };
		43B5B4FA29A90969007EA1D8 /* EventLMApp.swift */ = {isa = PBXFileReference; lastKnownFileType = sourcecode.swift; path = EventLMApp.swift; sourceTree = "<group>"; };
		43B5B4FC29A90969007EA1D8 /* ContentView.swift */ = {isa = PBXFileReference; lastKnownFileType = sourcecode.swift; path = ContentView.swift; sourceTree = "<group>"; };
		43B5B4FE29A9096B007EA1D8 /* Assets.xcassets */ = {isa = PBXFileReference; lastKnownFileType = folder.assetcatalog; path = Assets.xcassets; sourceTree = "<group>"; };
		43B5B50129A9096B007EA1D8 /* Preview Assets.xcassets */ = {isa = PBXFileReference; lastKnownFileType = folder.assetcatalog; path = "Preview Assets.xcassets"; sourceTree = "<group>"; };
		43B5B50729A9096B007EA1D8 /* EventLMTests.xctest */ = {isa = PBXFileReference; explicitFileType = wrapper.cfbundle; includeInIndex = 0; path = EventLMTests.xctest; sourceTree = BUILT_PRODUCTS_DIR; };
		43B5B50B29A9096B007EA1D8 /* EventLMTests.swift */ = {isa = PBXFileReference; lastKnownFileType = sourcecode.swift; path = EventLMTests.swift; sourceTree = "<group>"; };
		43B5B51129A9096B007EA1D8 /* EventLMUITests.xctest */ = {isa = PBXFileReference; explicitFileType = wrapper.cfbundle; includeInIndex = 0; path = EventLMUITests.xctest; sourceTree = BUILT_PRODUCTS_DIR; };
		43B5B51529A9096B007EA1D8 /* EventLMUITests.swift */ = {isa = PBXFileReference; lastKnownFileType = sourcecode.swift; path = EventLMUITests.swift; sourceTree = "<group>"; };
		43B5B51729A9096B007EA1D8 /* EventLMUITestsLaunchTests.swift */ = {isa = PBXFileReference; lastKnownFileType = sourcecode.swift; path = EventLMUITestsLaunchTests.swift; sourceTree = "<group>"; };
		43FE738129B0F12500581ADF /* InputView.swift */ = {isa = PBXFileReference; lastKnownFileType = sourcecode.swift; path = InputView.swift; sourceTree = "<group>"; };
		F363C8758D9E9DBBD40F89B8 /* Pods-EventLM.release.xcconfig */ = {isa = PBXFileReference; includeInIndex = 1; lastKnownFileType = text.xcconfig; name = "Pods-EventLM.release.xcconfig"; path = "Target Support Files/Pods-EventLM/Pods-EventLM.release.xcconfig"; sourceTree = "<group>"; };
		F669F33CB501E076495BA897 /* Pods_EventLM.framework */ = {isa = PBXFileReference; explicitFileType = wrapper.framework; includeInIndex = 0; path = Pods_EventLM.framework; sourceTree = BUILT_PRODUCTS_DIR; };
/* End PBXFileReference section */

/* Begin PBXFrameworksBuildPhase section */
		43B5B4F429A90969007EA1D8 /* Frameworks */ = {
			isa = PBXFrameworksBuildPhase;
			buildActionMask = 2147483647;
			files = (
				8A50FEFD04C291A6DF85F154 /* Pods_EventLM.framework in Frameworks */,
			);
			runOnlyForDeploymentPostprocessing = 0;
		};
		43B5B50429A9096B007EA1D8 /* Frameworks */ = {
			isa = PBXFrameworksBuildPhase;
			buildActionMask = 2147483647;
			files = (
			);
			runOnlyForDeploymentPostprocessing = 0;
		};
		43B5B50E29A9096B007EA1D8 /* Frameworks */ = {
			isa = PBXFrameworksBuildPhase;
			buildActionMask = 2147483647;
			files = (
			);
			runOnlyForDeploymentPostprocessing = 0;
		};
/* End PBXFrameworksBuildPhase section */

/* Begin PBXGroup section */
		352C21DBCDAB4165D9061A92 /* Pods */ = {
			isa = PBXGroup;
			children = (
				085BBFBA16E802CC9C72BD7B /* Pods-EventLM.debug.xcconfig */,
				F363C8758D9E9DBBD40F89B8 /* Pods-EventLM.release.xcconfig */,
			);
			path = Pods;
			sourceTree = "<group>";
		};
		4336C23429AE341E005AD824 /* Views */ = {
			isa = PBXGroup;
			children = (
				43B5B4FC29A90969007EA1D8 /* ContentView.swift */,
				438DCA7029B257EC0071E850 /* SplashScreenView.swift */,
				43FE738129B0F12500581ADF /* InputView.swift */,
				43AFDB8229B8DD9D0060D967 /* Schedule */,
				43AFDB8129B8DD900060D967 /* Results */,
				43AFDB8329B8DDB60060D967 /* Settings */,
			);
			path = Views;
			sourceTree = "<group>";
		};
		4336C23529AE3427005AD824 /* Models */ = {
			isa = PBXGroup;
			children = (
				43AFDB8429B8DDEF0060D967 /* Firebase */,
				4336C23629AE34C1005AD824 /* Constants.swift */,
				4336C24029AE3658005AD824 /* Event.swift */,
				4336C24229AE3811005AD824 /* Result.swift */,
				433D225729AF975800A32DF8 /* UserInfo.swift */,
			);
			path = Models;
			sourceTree = "<group>";
		};
		433D225029AF965600A32DF8 /* Authentication */ = {
			isa = PBXGroup;
			children = (
				433D225129AF966E00A32DF8 /* AuthenticationView.swift */,
				433D225329AF967800A32DF8 /* LoginView.swift */,
				433D225529AF968200A32DF8 /* SignUpView.swift */,
			);
			path = Authentication;
			sourceTree = "<group>";
		};
		43AFDB8129B8DD900060D967 /* Results */ = {
			isa = PBXGroup;
			children = (
				4336C23C29AE35F3005AD824 /* ResultsView.swift */,
				43AFDB7F29B8DD890060D967 /* ResultBox.swift */,
			);
			path = Results;
			sourceTree = "<group>";
		};
		43AFDB8229B8DD9D0060D967 /* Schedule */ = {
			isa = PBXGroup;
			children = (
				4336C23829AE35D8005AD824 /* HomeView.swift */,
				4336C23A29AE35E6005AD824 /* EventView.swift */,
			);
			path = Schedule;
			sourceTree = "<group>";
		};
		43AFDB8329B8DDB60060D967 /* Settings */ = {
			isa = PBXGroup;
			children = (
				4336C23E29AE35FC005AD824 /* SettingsView.swift */,
			);
			path = Settings;
			sourceTree = "<group>";
		};
		43AFDB8429B8DDEF0060D967 /* Firebase */ = {
			isa = PBXGroup;
			children = (
				4384DA9629AFA92C00956A63 /* FetchData.swift */,
				4397C8FA29B77D9F001DC50F /* SetData.swift */,
			);
			path = Firebase;
			sourceTree = "<group>";
		};
		43B5B4EE29A90969007EA1D8 = {
			isa = PBXGroup;
			children = (
				43B5B4F929A90969007EA1D8 /* EventLM */,
				43B5B50A29A9096B007EA1D8 /* EventLMTests */,
				43B5B51429A9096B007EA1D8 /* EventLMUITests */,
				43B5B4F829A90969007EA1D8 /* Products */,
				352C21DBCDAB4165D9061A92 /* Pods */,
				B13E26A6A7E43DD4E4A41D81 /* Frameworks */,
			);
			sourceTree = "<group>";
		};
		43B5B4F829A90969007EA1D8 /* Products */ = {
			isa = PBXGroup;
			children = (
				43B5B4F729A90969007EA1D8 /* EventLM.app */,
				43B5B50729A9096B007EA1D8 /* EventLMTests.xctest */,
				43B5B51129A9096B007EA1D8 /* EventLMUITests.xctest */,
			);
			name = Products;
			sourceTree = "<group>";
		};
		43B5B4F929A90969007EA1D8 /* EventLM */ = {
			isa = PBXGroup;
			children = (
				43B5B4FA29A90969007EA1D8 /* EventLMApp.swift */,
				433D225029AF965600A32DF8 /* Authentication */,
				4336C23429AE341E005AD824 /* Views */,
				4336C23529AE3427005AD824 /* Models */,
				43B5B4FE29A9096B007EA1D8 /* Assets.xcassets */,
				4336C23229AE2B1E005AD824 /* GoogleService-Info.plist */,
				43B5B50029A9096B007EA1D8 /* Preview Content */,
			);
			path = EventLM;
			sourceTree = "<group>";
		};
		43B5B50029A9096B007EA1D8 /* Preview Content */ = {
			isa = PBXGroup;
			children = (
				43B5B50129A9096B007EA1D8 /* Preview Assets.xcassets */,
			);
			path = "Preview Content";
			sourceTree = "<group>";
		};
		43B5B50A29A9096B007EA1D8 /* EventLMTests */ = {
			isa = PBXGroup;
			children = (
				43B5B50B29A9096B007EA1D8 /* EventLMTests.swift */,
			);
			path = EventLMTests;
			sourceTree = "<group>";
		};
		43B5B51429A9096B007EA1D8 /* EventLMUITests */ = {
			isa = PBXGroup;
			children = (
				43B5B51529A9096B007EA1D8 /* EventLMUITests.swift */,
				43B5B51729A9096B007EA1D8 /* EventLMUITestsLaunchTests.swift */,
			);
			path = EventLMUITests;
			sourceTree = "<group>";
		};
		B13E26A6A7E43DD4E4A41D81 /* Frameworks */ = {
			isa = PBXGroup;
			children = (
				F669F33CB501E076495BA897 /* Pods_EventLM.framework */,
			);
			name = Frameworks;
			sourceTree = "<group>";
		};
/* End PBXGroup section */

/* Begin PBXNativeTarget section */
		43B5B4F629A90969007EA1D8 /* EventLM */ = {
			isa = PBXNativeTarget;
			buildConfigurationList = 43B5B51B29A9096B007EA1D8 /* Build configuration list for PBXNativeTarget "EventLM" */;
			buildPhases = (
				7B6D166FC12879AA43497F93 /* [CP] Check Pods Manifest.lock */,
				43B5B4F329A90969007EA1D8 /* Sources */,
				43B5B4F429A90969007EA1D8 /* Frameworks */,
				43B5B4F529A90969007EA1D8 /* Resources */,
				4432EF6494C54B659921A159 /* [CP] Embed Pods Frameworks */,
			);
			buildRules = (
			);
			dependencies = (
			);
			name = EventLM;
			productName = EventLM;
			productReference = 43B5B4F729A90969007EA1D8 /* EventLM.app */;
			productType = "com.apple.product-type.application";
		};
		43B5B50629A9096B007EA1D8 /* EventLMTests */ = {
			isa = PBXNativeTarget;
			buildConfigurationList = 43B5B51E29A9096B007EA1D8 /* Build configuration list for PBXNativeTarget "EventLMTests" */;
			buildPhases = (
				43B5B50329A9096B007EA1D8 /* Sources */,
				43B5B50429A9096B007EA1D8 /* Frameworks */,
				43B5B50529A9096B007EA1D8 /* Resources */,
			);
			buildRules = (
			);
			dependencies = (
				43B5B50929A9096B007EA1D8 /* PBXTargetDependency */,
			);
			name = EventLMTests;
			productName = EventLMTests;
			productReference = 43B5B50729A9096B007EA1D8 /* EventLMTests.xctest */;
			productType = "com.apple.product-type.bundle.unit-test";
		};
		43B5B51029A9096B007EA1D8 /* EventLMUITests */ = {
			isa = PBXNativeTarget;
			buildConfigurationList = 43B5B52129A9096B007EA1D8 /* Build configuration list for PBXNativeTarget "EventLMUITests" */;
			buildPhases = (
				43B5B50D29A9096B007EA1D8 /* Sources */,
				43B5B50E29A9096B007EA1D8 /* Frameworks */,
				43B5B50F29A9096B007EA1D8 /* Resources */,
			);
			buildRules = (
			);
			dependencies = (
				43B5B51329A9096B007EA1D8 /* PBXTargetDependency */,
			);
			name = EventLMUITests;
			productName = EventLMUITests;
			productReference = 43B5B51129A9096B007EA1D8 /* EventLMUITests.xctest */;
			productType = "com.apple.product-type.bundle.ui-testing";
		};
/* End PBXNativeTarget section */

/* Begin PBXProject section */
		43B5B4EF29A90969007EA1D8 /* Project object */ = {
			isa = PBXProject;
			attributes = {
				BuildIndependentTargetsInParallel = 1;
				LastSwiftUpdateCheck = 1340;
				LastUpgradeCheck = 1340;
				TargetAttributes = {
					43B5B4F629A90969007EA1D8 = {
						CreatedOnToolsVersion = 13.4.1;
					};
					43B5B50629A9096B007EA1D8 = {
						CreatedOnToolsVersion = 13.4.1;
						TestTargetID = 43B5B4F629A90969007EA1D8;
					};
					43B5B51029A9096B007EA1D8 = {
						CreatedOnToolsVersion = 13.4.1;
						TestTargetID = 43B5B4F629A90969007EA1D8;
					};
				};
			};
			buildConfigurationList = 43B5B4F229A90969007EA1D8 /* Build configuration list for PBXProject "EventLM" */;
			compatibilityVersion = "Xcode 13.0";
			developmentRegion = en;
			hasScannedForEncodings = 0;
			knownRegions = (
				en,
				Base,
			);
			mainGroup = 43B5B4EE29A90969007EA1D8;
			productRefGroup = 43B5B4F829A90969007EA1D8 /* Products */;
			projectDirPath = "";
			projectRoot = "";
			targets = (
				43B5B4F629A90969007EA1D8 /* EventLM */,
				43B5B50629A9096B007EA1D8 /* EventLMTests */,
				43B5B51029A9096B007EA1D8 /* EventLMUITests */,
			);
		};
/* End PBXProject section */

/* Begin PBXResourcesBuildPhase section */
		43B5B4F529A90969007EA1D8 /* Resources */ = {
			isa = PBXResourcesBuildPhase;
			buildActionMask = 2147483647;
			files = (
				43B5B50229A9096B007EA1D8 /* Preview Assets.xcassets in Resources */,
				43B5B4FF29A9096B007EA1D8 /* Assets.xcassets in Resources */,
				4336C23329AE2B1E005AD824 /* GoogleService-Info.plist in Resources */,
			);
			runOnlyForDeploymentPostprocessing = 0;
		};
		43B5B50529A9096B007EA1D8 /* Resources */ = {
			isa = PBXResourcesBuildPhase;
			buildActionMask = 2147483647;
			files = (
			);
			runOnlyForDeploymentPostprocessing = 0;
		};
		43B5B50F29A9096B007EA1D8 /* Resources */ = {
			isa = PBXResourcesBuildPhase;
			buildActionMask = 2147483647;
			files = (
			);
			runOnlyForDeploymentPostprocessing = 0;
		};
/* End PBXResourcesBuildPhase section */

/* Begin PBXShellScriptBuildPhase section */
		4432EF6494C54B659921A159 /* [CP] Embed Pods Frameworks */ = {
			isa = PBXShellScriptBuildPhase;
			buildActionMask = 2147483647;
			files = (
			);
			inputFileListPaths = (
				"${PODS_ROOT}/Target Support Files/Pods-EventLM/Pods-EventLM-frameworks-${CONFIGURATION}-input-files.xcfilelist",
			);
			name = "[CP] Embed Pods Frameworks";
			outputFileListPaths = (
				"${PODS_ROOT}/Target Support Files/Pods-EventLM/Pods-EventLM-frameworks-${CONFIGURATION}-output-files.xcfilelist",
			);
			runOnlyForDeploymentPostprocessing = 0;
			shellPath = /bin/sh;
			shellScript = "\"${PODS_ROOT}/Target Support Files/Pods-EventLM/Pods-EventLM-frameworks.sh\"\n";
			showEnvVarsInLog = 0;
		};
		7B6D166FC12879AA43497F93 /* [CP] Check Pods Manifest.lock */ = {
			isa = PBXShellScriptBuildPhase;
			buildActionMask = 2147483647;
			files = (
			);
			inputFileListPaths = (
			);
			inputPaths = (
				"${PODS_PODFILE_DIR_PATH}/Podfile.lock",
				"${PODS_ROOT}/Manifest.lock",
			);
			name = "[CP] Check Pods Manifest.lock";
			outputFileListPaths = (
			);
			outputPaths = (
				"$(DERIVED_FILE_DIR)/Pods-EventLM-checkManifestLockResult.txt",
			);
			runOnlyForDeploymentPostprocessing = 0;
			shellPath = /bin/sh;
			shellScript = "diff \"${PODS_PODFILE_DIR_PATH}/Podfile.lock\" \"${PODS_ROOT}/Manifest.lock\" > /dev/null\nif [ $? != 0 ] ; then\n    # print error to STDERR\n    echo \"error: The sandbox is not in sync with the Podfile.lock. Run 'pod install' or update your CocoaPods installation.\" >&2\n    exit 1\nfi\n# This output is used by Xcode 'outputs' to avoid re-running this script phase.\necho \"SUCCESS\" > \"${SCRIPT_OUTPUT_FILE_0}\"\n";
			showEnvVarsInLog = 0;
		};
/* End PBXShellScriptBuildPhase section */

/* Begin PBXSourcesBuildPhase section */
		43B5B4F329A90969007EA1D8 /* Sources */ = {
			isa = PBXSourcesBuildPhase;
			buildActionMask = 2147483647;
			files = (
				4336C24329AE3811005AD824 /* Result.swift in Sources */,
				4336C24129AE3658005AD824 /* Event.swift in Sources */,
				43AFDB8029B8DD890060D967 /* ResultBox.swift in Sources */,
				4336C23F29AE35FC005AD824 /* SettingsView.swift in Sources */,
				4397C8FB29B77D9F001DC50F /* SetData.swift in Sources */,
				43B5B4FD29A90969007EA1D8 /* ContentView.swift in Sources */,
				4336C23D29AE35F3005AD824 /* ResultsView.swift in Sources */,
				4336C23929AE35D8005AD824 /* HomeView.swift in Sources */,
				433D225429AF967800A32DF8 /* LoginView.swift in Sources */,
				438DCA7129B257EC0071E850 /* SplashScreenView.swift in Sources */,
				4384DA9729AFA92C00956A63 /* FetchData.swift in Sources */,
				43B5B4FB29A90969007EA1D8 /* EventLMApp.swift in Sources */,
				433D225629AF968200A32DF8 /* SignUpView.swift in Sources */,
				433D225229AF966E00A32DF8 /* AuthenticationView.swift in Sources */,
				4336C23729AE34C2005AD824 /* Constants.swift in Sources */,
				43FE738229B0F12500581ADF /* InputView.swift in Sources */,
				433D225829AF975800A32DF8 /* UserInfo.swift in Sources */,
				4336C23B29AE35E6005AD824 /* EventView.swift in Sources */,
			);
			runOnlyForDeploymentPostprocessing = 0;
		};
		43B5B50329A9096B007EA1D8 /* Sources */ = {
			isa = PBXSourcesBuildPhase;
			buildActionMask = 2147483647;
			files = (
				43B5B50C29A9096B007EA1D8 /* EventLMTests.swift in Sources */,
			);
			runOnlyForDeploymentPostprocessing = 0;
		};
		43B5B50D29A9096B007EA1D8 /* Sources */ = {
			isa = PBXSourcesBuildPhase;
			buildActionMask = 2147483647;
			files = (
				43B5B51829A9096B007EA1D8 /* EventLMUITestsLaunchTests.swift in Sources */,
				43B5B51629A9096B007EA1D8 /* EventLMUITests.swift in Sources */,
			);
			runOnlyForDeploymentPostprocessing = 0;
		};
/* End PBXSourcesBuildPhase section */

/* Begin PBXTargetDependency section */
		43B5B50929A9096B007EA1D8 /* PBXTargetDependency */ = {
			isa = PBXTargetDependency;
			target = 43B5B4F629A90969007EA1D8 /* EventLM */;
			targetProxy = 43B5B50829A9096B007EA1D8 /* PBXContainerItemProxy */;
		};
		43B5B51329A9096B007EA1D8 /* PBXTargetDependency */ = {
			isa = PBXTargetDependency;
			target = 43B5B4F629A90969007EA1D8 /* EventLM */;
			targetProxy = 43B5B51229A9096B007EA1D8 /* PBXContainerItemProxy */;
		};
/* End PBXTargetDependency section */

/* Begin XCBuildConfiguration section */
		43B5B51929A9096B007EA1D8 /* Debug */ = {
			isa = XCBuildConfiguration;
			buildSettings = {
				ALWAYS_SEARCH_USER_PATHS = NO;
				CLANG_ANALYZER_NONNULL = YES;
				CLANG_ANALYZER_NUMBER_OBJECT_CONVERSION = YES_AGGRESSIVE;
				CLANG_CXX_LANGUAGE_STANDARD = "gnu++17";
				CLANG_ENABLE_MODULES = YES;
				CLANG_ENABLE_OBJC_ARC = YES;
				CLANG_ENABLE_OBJC_WEAK = YES;
				CLANG_WARN_BLOCK_CAPTURE_AUTORELEASING = YES;
				CLANG_WARN_BOOL_CONVERSION = YES;
				CLANG_WARN_COMMA = YES;
				CLANG_WARN_CONSTANT_CONVERSION = YES;
				CLANG_WARN_DEPRECATED_OBJC_IMPLEMENTATIONS = YES;
				CLANG_WARN_DIRECT_OBJC_ISA_USAGE = YES_ERROR;
				CLANG_WARN_DOCUMENTATION_COMMENTS = YES;
				CLANG_WARN_EMPTY_BODY = YES;
				CLANG_WARN_ENUM_CONVERSION = YES;
				CLANG_WARN_INFINITE_RECURSION = YES;
				CLANG_WARN_INT_CONVERSION = YES;
				CLANG_WARN_NON_LITERAL_NULL_CONVERSION = YES;
				CLANG_WARN_OBJC_IMPLICIT_RETAIN_SELF = YES;
				CLANG_WARN_OBJC_LITERAL_CONVERSION = YES;
				CLANG_WARN_OBJC_ROOT_CLASS = YES_ERROR;
				CLANG_WARN_QUOTED_INCLUDE_IN_FRAMEWORK_HEADER = YES;
				CLANG_WARN_RANGE_LOOP_ANALYSIS = YES;
				CLANG_WARN_STRICT_PROTOTYPES = YES;
				CLANG_WARN_SUSPICIOUS_MOVE = YES;
				CLANG_WARN_UNGUARDED_AVAILABILITY = YES_AGGRESSIVE;
				CLANG_WARN_UNREACHABLE_CODE = YES;
				CLANG_WARN__DUPLICATE_METHOD_MATCH = YES;
				COPY_PHASE_STRIP = NO;
				DEBUG_INFORMATION_FORMAT = dwarf;
				ENABLE_STRICT_OBJC_MSGSEND = YES;
				ENABLE_TESTABILITY = YES;
				GCC_C_LANGUAGE_STANDARD = gnu11;
				GCC_DYNAMIC_NO_PIC = NO;
				GCC_NO_COMMON_BLOCKS = YES;
				GCC_OPTIMIZATION_LEVEL = 0;
				GCC_PREPROCESSOR_DEFINITIONS = (
					"DEBUG=1",
					"$(inherited)",
				);
				GCC_WARN_64_TO_32_BIT_CONVERSION = YES;
				GCC_WARN_ABOUT_RETURN_TYPE = YES_ERROR;
				GCC_WARN_UNDECLARED_SELECTOR = YES;
				GCC_WARN_UNINITIALIZED_AUTOS = YES_AGGRESSIVE;
				GCC_WARN_UNUSED_FUNCTION = YES;
				GCC_WARN_UNUSED_VARIABLE = YES;
				IPHONEOS_DEPLOYMENT_TARGET = 15.5;
				MTL_ENABLE_DEBUG_INFO = INCLUDE_SOURCE;
				MTL_FAST_MATH = YES;
				ONLY_ACTIVE_ARCH = YES;
				SDKROOT = iphoneos;
				SWIFT_ACTIVE_COMPILATION_CONDITIONS = DEBUG;
				SWIFT_OPTIMIZATION_LEVEL = "-Onone";
			};
			name = Debug;
		};
		43B5B51A29A9096B007EA1D8 /* Release */ = {
			isa = XCBuildConfiguration;
			buildSettings = {
				ALWAYS_SEARCH_USER_PATHS = NO;
				CLANG_ANALYZER_NONNULL = YES;
				CLANG_ANALYZER_NUMBER_OBJECT_CONVERSION = YES_AGGRESSIVE;
				CLANG_CXX_LANGUAGE_STANDARD = "gnu++17";
				CLANG_ENABLE_MODULES = YES;
				CLANG_ENABLE_OBJC_ARC = YES;
				CLANG_ENABLE_OBJC_WEAK = YES;
				CLANG_WARN_BLOCK_CAPTURE_AUTORELEASING = YES;
				CLANG_WARN_BOOL_CONVERSION = YES;
				CLANG_WARN_COMMA = YES;
				CLANG_WARN_CONSTANT_CONVERSION = YES;
				CLANG_WARN_DEPRECATED_OBJC_IMPLEMENTATIONS = YES;
				CLANG_WARN_DIRECT_OBJC_ISA_USAGE = YES_ERROR;
				CLANG_WARN_DOCUMENTATION_COMMENTS = YES;
				CLANG_WARN_EMPTY_BODY = YES;
				CLANG_WARN_ENUM_CONVERSION = YES;
				CLANG_WARN_INFINITE_RECURSION = YES;
				CLANG_WARN_INT_CONVERSION = YES;
				CLANG_WARN_NON_LITERAL_NULL_CONVERSION = YES;
				CLANG_WARN_OBJC_IMPLICIT_RETAIN_SELF = YES;
				CLANG_WARN_OBJC_LITERAL_CONVERSION = YES;
				CLANG_WARN_OBJC_ROOT_CLASS = YES_ERROR;
				CLANG_WARN_QUOTED_INCLUDE_IN_FRAMEWORK_HEADER = YES;
				CLANG_WARN_RANGE_LOOP_ANALYSIS = YES;
				CLANG_WARN_STRICT_PROTOTYPES = YES;
				CLANG_WARN_SUSPICIOUS_MOVE = YES;
				CLANG_WARN_UNGUARDED_AVAILABILITY = YES_AGGRESSIVE;
				CLANG_WARN_UNREACHABLE_CODE = YES;
				CLANG_WARN__DUPLICATE_METHOD_MATCH = YES;
				COPY_PHASE_STRIP = NO;
				DEBUG_INFORMATION_FORMAT = "dwarf-with-dsym";
				ENABLE_NS_ASSERTIONS = NO;
				ENABLE_STRICT_OBJC_MSGSEND = YES;
				GCC_C_LANGUAGE_STANDARD = gnu11;
				GCC_NO_COMMON_BLOCKS = YES;
				GCC_WARN_64_TO_32_BIT_CONVERSION = YES;
				GCC_WARN_ABOUT_RETURN_TYPE = YES_ERROR;
				GCC_WARN_UNDECLARED_SELECTOR = YES;
				GCC_WARN_UNINITIALIZED_AUTOS = YES_AGGRESSIVE;
				GCC_WARN_UNUSED_FUNCTION = YES;
				GCC_WARN_UNUSED_VARIABLE = YES;
				IPHONEOS_DEPLOYMENT_TARGET = 15.5;
				MTL_ENABLE_DEBUG_INFO = NO;
				MTL_FAST_MATH = YES;
				SDKROOT = iphoneos;
				SWIFT_COMPILATION_MODE = wholemodule;
				SWIFT_OPTIMIZATION_LEVEL = "-O";
				VALIDATE_PRODUCT = YES;
			};
			name = Release;
		};
		43B5B51C29A9096B007EA1D8 /* Debug */ = {
			isa = XCBuildConfiguration;
			baseConfigurationReference = 085BBFBA16E802CC9C72BD7B /* Pods-EventLM.debug.xcconfig */;
			buildSettings = {
				ASSETCATALOG_COMPILER_APPICON_NAME = AppIcon;
				ASSETCATALOG_COMPILER_GLOBAL_ACCENT_COLOR_NAME = AccentColor;
				CODE_SIGN_STYLE = Automatic;
				CURRENT_PROJECT_VERSION = 1;
				DEVELOPMENT_ASSET_PATHS = "\"EventLM/Preview Content\"";
				DEVELOPMENT_TEAM = 76XQW8ZLJN;
				ENABLE_PREVIEWS = YES;
				GENERATE_INFOPLIST_FILE = YES;
				INFOPLIST_KEY_UIApplicationSceneManifest_Generation = YES;
				INFOPLIST_KEY_UIApplicationSupportsIndirectInputEvents = YES;
				INFOPLIST_KEY_UILaunchScreen_Generation = YES;
				INFOPLIST_KEY_UISupportedInterfaceOrientations_iPad = "UIInterfaceOrientationPortrait UIInterfaceOrientationPortraitUpsideDown UIInterfaceOrientationLandscapeLeft UIInterfaceOrientationLandscapeRight";
				INFOPLIST_KEY_UISupportedInterfaceOrientations_iPhone = "UIInterfaceOrientationPortrait UIInterfaceOrientationLandscapeLeft UIInterfaceOrientationLandscapeRight";
				LD_RUNPATH_SEARCH_PATHS = (
					"$(inherited)",
					"@executable_path/Frameworks",
				);
				MARKETING_VERSION = 1.0;
				PRODUCT_BUNDLE_IDENTIFIER = OBE.EventLM;
				PRODUCT_NAME = "$(TARGET_NAME)";
				SWIFT_EMIT_LOC_STRINGS = YES;
				SWIFT_VERSION = 5.0;
				TARGETED_DEVICE_FAMILY = "1,2";
			};
			name = Debug;
		};
		43B5B51D29A9096B007EA1D8 /* Release */ = {
			isa = XCBuildConfiguration;
			baseConfigurationReference = F363C8758D9E9DBBD40F89B8 /* Pods-EventLM.release.xcconfig */;
			buildSettings = {
				ASSETCATALOG_COMPILER_APPICON_NAME = AppIcon;
				ASSETCATALOG_COMPILER_GLOBAL_ACCENT_COLOR_NAME = AccentColor;
				CODE_SIGN_STYLE = Automatic;
				CURRENT_PROJECT_VERSION = 1;
				DEVELOPMENT_ASSET_PATHS = "\"EventLM/Preview Content\"";
				DEVELOPMENT_TEAM = 76XQW8ZLJN;
				ENABLE_PREVIEWS = YES;
				GENERATE_INFOPLIST_FILE = YES;
				INFOPLIST_KEY_UIApplicationSceneManifest_Generation = YES;
				INFOPLIST_KEY_UIApplicationSupportsIndirectInputEvents = YES;
				INFOPLIST_KEY_UILaunchScreen_Generation = YES;
				INFOPLIST_KEY_UISupportedInterfaceOrientations_iPad = "UIInterfaceOrientationPortrait UIInterfaceOrientationPortraitUpsideDown UIInterfaceOrientationLandscapeLeft UIInterfaceOrientationLandscapeRight";
				INFOPLIST_KEY_UISupportedInterfaceOrientations_iPhone = "UIInterfaceOrientationPortrait UIInterfaceOrientationLandscapeLeft UIInterfaceOrientationLandscapeRight";
				LD_RUNPATH_SEARCH_PATHS = (
					"$(inherited)",
					"@executable_path/Frameworks",
				);
				MARKETING_VERSION = 1.0;
				PRODUCT_BUNDLE_IDENTIFIER = OBE.EventLM;
				PRODUCT_NAME = "$(TARGET_NAME)";
				SWIFT_EMIT_LOC_STRINGS = YES;
				SWIFT_VERSION = 5.0;
				TARGETED_DEVICE_FAMILY = "1,2";
			};
			name = Release;
		};
		43B5B51F29A9096B007EA1D8 /* Debug */ = {
			isa = XCBuildConfiguration;
			buildSettings = {
				ALWAYS_EMBED_SWIFT_STANDARD_LIBRARIES = YES;
				BUNDLE_LOADER = "$(TEST_HOST)";
				CODE_SIGN_STYLE = Automatic;
				CURRENT_PROJECT_VERSION = 1;
				DEVELOPMENT_TEAM = 76XQW8ZLJN;
				GENERATE_INFOPLIST_FILE = YES;
				IPHONEOS_DEPLOYMENT_TARGET = 15.5;
				MARKETING_VERSION = 1.0;
				PRODUCT_BUNDLE_IDENTIFIER = OBE.EventLMTests;
				PRODUCT_NAME = "$(TARGET_NAME)";
				SWIFT_EMIT_LOC_STRINGS = NO;
				SWIFT_VERSION = 5.0;
				TARGETED_DEVICE_FAMILY = "1,2";
				TEST_HOST = "$(BUILT_PRODUCTS_DIR)/EventLM.app/EventLM";
			};
			name = Debug;
		};
		43B5B52029A9096B007EA1D8 /* Release */ = {
			isa = XCBuildConfiguration;
			buildSettings = {
				ALWAYS_EMBED_SWIFT_STANDARD_LIBRARIES = YES;
				BUNDLE_LOADER = "$(TEST_HOST)";
				CODE_SIGN_STYLE = Automatic;
				CURRENT_PROJECT_VERSION = 1;
				DEVELOPMENT_TEAM = 76XQW8ZLJN;
				GENERATE_INFOPLIST_FILE = YES;
				IPHONEOS_DEPLOYMENT_TARGET = 15.5;
				MARKETING_VERSION = 1.0;
				PRODUCT_BUNDLE_IDENTIFIER = OBE.EventLMTests;
				PRODUCT_NAME = "$(TARGET_NAME)";
				SWIFT_EMIT_LOC_STRINGS = NO;
				SWIFT_VERSION = 5.0;
				TARGETED_DEVICE_FAMILY = "1,2";
				TEST_HOST = "$(BUILT_PRODUCTS_DIR)/EventLM.app/EventLM";
			};
			name = Release;
		};
		43B5B52229A9096B007EA1D8 /* Debug */ = {
			isa = XCBuildConfiguration;
			buildSettings = {
				ALWAYS_EMBED_SWIFT_STANDARD_LIBRARIES = YES;
				CODE_SIGN_STYLE = Automatic;
				CURRENT_PROJECT_VERSION = 1;
				DEVELOPMENT_TEAM = 76XQW8ZLJN;
				GENERATE_INFOPLIST_FILE = YES;
				MARKETING_VERSION = 1.0;
				PRODUCT_BUNDLE_IDENTIFIER = OBE.EventLMUITests;
				PRODUCT_NAME = "$(TARGET_NAME)";
				SWIFT_EMIT_LOC_STRINGS = NO;
				SWIFT_VERSION = 5.0;
				TARGETED_DEVICE_FAMILY = "1,2";
				TEST_TARGET_NAME = EventLM;
			};
			name = Debug;
		};
		43B5B52329A9096B007EA1D8 /* Release */ = {
			isa = XCBuildConfiguration;
			buildSettings = {
				ALWAYS_EMBED_SWIFT_STANDARD_LIBRARIES = YES;
				CODE_SIGN_STYLE = Automatic;
				CURRENT_PROJECT_VERSION = 1;
				DEVELOPMENT_TEAM = 76XQW8ZLJN;
				GENERATE_INFOPLIST_FILE = YES;
				MARKETING_VERSION = 1.0;
				PRODUCT_BUNDLE_IDENTIFIER = OBE.EventLMUITests;
				PRODUCT_NAME = "$(TARGET_NAME)";
				SWIFT_EMIT_LOC_STRINGS = NO;
				SWIFT_VERSION = 5.0;
				TARGETED_DEVICE_FAMILY = "1,2";
				TEST_TARGET_NAME = EventLM;
			};
			name = Release;
		};
/* End XCBuildConfiguration section */

/* Begin XCConfigurationList section */
		43B5B4F229A90969007EA1D8 /* Build configuration list for PBXProject "EventLM" */ = {
			isa = XCConfigurationList;
			buildConfigurations = (
				43B5B51929A9096B007EA1D8 /* Debug */,
				43B5B51A29A9096B007EA1D8 /* Release */,
			);
			defaultConfigurationIsVisible = 0;
			defaultConfigurationName = Release;
		};
		43B5B51B29A9096B007EA1D8 /* Build configuration list for PBXNativeTarget "EventLM" */ = {
			isa = XCConfigurationList;
			buildConfigurations = (
				43B5B51C29A9096B007EA1D8 /* Debug */,
				43B5B51D29A9096B007EA1D8 /* Release */,
			);
			defaultConfigurationIsVisible = 0;
			defaultConfigurationName = Release;
		};
		43B5B51E29A9096B007EA1D8 /* Build configuration list for PBXNativeTarget "EventLMTests" */ = {
			isa = XCConfigurationList;
			buildConfigurations = (
				43B5B51F29A9096B007EA1D8 /* Debug */,
				43B5B52029A9096B007EA1D8 /* Release */,
			);
			defaultConfigurationIsVisible = 0;
			defaultConfigurationName = Release;
		};
		43B5B52129A9096B007EA1D8 /* Build configuration list for PBXNativeTarget "EventLMUITests" */ = {
			isa = XCConfigurationList;
			buildConfigurations = (
				43B5B52229A9096B007EA1D8 /* Debug */,
				43B5B52329A9096B007EA1D8 /* Release */,
			);
			defaultConfigurationIsVisible = 0;
			defaultConfigurationName = Release;
		};
/* End XCConfigurationList section */
	};
	rootObject = 43B5B4EF29A90969007EA1D8 /* Project object */;
}
